
Microsoft Visual Studio Solution File, Format Version 12.00
# Visual Studio 15
VisualStudioVersion = 15.0.28307.1321
MinimumVisualStudioVersion = 10.0.40219.1
Project("{8BC9CEB8-8B4A-11D0-8D11-00A0C91BC942}") = "OOP with C++", "OOP with C++\OOP with C++.vcxproj", "{63B68B12-7919-4019-B49E-3BC36EA83799}"
EndProject
Global
	GlobalSection(SolutionConfigurationPlatforms) = preSolution
		Debug|x64 = Debug|x64
		Debug|x86 = Debug|x86
		Release|x64 = Release|x64
		Release|x86 = Release|x86
	EndGlobalSection
	GlobalSection(ProjectConfigurationPlatforms) = postSolution
		{63B68B12-7919-4019-B49E-3BC36EA83799}.Debug|x64.ActiveCfg = Debug|x64
		{63B68B12-7919-4019-B49E-3BC36EA83799}.Debug|x64.Build.0 = Debug|x64
		{63B68B12-7919-4019-B49E-3BC36EA83799}.Debug|x86.ActiveCfg = Debug|Win32
		{63B68B12-7919-4019-B49E-3BC36EA83799}.Debug|x86.Build.0 = Debug|Win32
		{63B68B12-7919-4019-B49E-3BC36EA83799}.Release|x64.ActiveCfg = Release|x64
		{63B68B12-7919-4019-B49E-3BC36EA83799}.Release|x64.Build.0 = Release|x64
		{63B68B12-7919-4019-B49E-3BC36EA83799}.Release|x86.ActiveCfg = Release|Win32
		{63B68B12-7919-4019-B49E-3BC36EA83799}.Release|x86.Build.0 = Release|Win32
	EndGlobalSection
	GlobalSection(SolutionProperties) = preSolution
		HideSolutionNode = FALSE
	EndGlobalSection
	GlobalSection(ExtensibilityGlobals) = postSolution
		SolutionGuid = {9516D7B9-C404-4D69-ACE4-D7C40450DEA3}
	EndGlobalSection
EndGlobal
